# This file is automatically @generated by Cargo.
# It is not intended for manual editing.
version = 4

[[package]]
name = "libinfo-cpu"
version = "0.0.1"
dependencies = [
 "libscrstrings",
]

[[package]]
name = "libscrstrings"
version = "0.0.1"
source = "git+https://github.com/SudoSilver/libscrstrings#3c513482b99340239a31d0a196101030b43c7985"
